// !$*UTF8*$!
{
	archiveVersion = 1;
	classes = {
	};
	objectVersion = 56;
	objects = {

/* Begin PBXBuildFile section */
		FF046ADD2B8723F000BA085D /* AppDelegate.swift in Sources */ = {isa = PBXBuildFile; fileRef = FF046ADC2B8723F000BA085D /* AppDelegate.swift */; };
		FF046AE42B8723F000BA085D /* Main.storyboard in Resources */ = {isa = PBXBuildFile; fileRef = FF046AE22B8723F000BA085D /* Main.storyboard */; };
		FF046AE62B8723F100BA085D /* Assets.xcassets in Resources */ = {isa = PBXBuildFile; fileRef = FF046AE52B8723F100BA085D /* Assets.xcassets */; };
		FF046AE92B8723F100BA085D /* LaunchScreen.storyboard in Resources */ = {isa = PBXBuildFile; fileRef = FF046AE72B8723F100BA085D /* LaunchScreen.storyboard */; };
		FF046AF52B87305000BA085D /* HomeVC.swift in Sources */ = {isa = PBXBuildFile; fileRef = FF046AF42B87305000BA085D /* HomeVC.swift */; };
		FF1AF1B62B87AE77009E480D /* HomeVC+tableView.swift in Sources */ = {isa = PBXBuildFile; fileRef = FF1AF1B52B87AE77009E480D /* HomeVC+tableView.swift */; };
		FF74BC9E2B87BCA0000FB67C /* AddTransactionVC.swift in Sources */ = {isa = PBXBuildFile; fileRef = FF74BC9D2B87BCA0000FB67C /* AddTransactionVC.swift */; };
		FF8616662B87B63B00EEAA41 /* TransactionTableViewCell.swift in Sources */ = {isa = PBXBuildFile; fileRef = FF8616642B87B63B00EEAA41 /* TransactionTableViewCell.swift */; };
		FF8616672B87B63B00EEAA41 /* TransactionTableViewCell.xib in Resources */ = {isa = PBXBuildFile; fileRef = FF8616652B87B63B00EEAA41 /* TransactionTableViewCell.xib */; };
/* End PBXBuildFile section */

/* Begin PBXFileReference section */
		FF046AD92B8723F000BA085D /* Hishab.app */ = {isa = PBXFileReference; explicitFileType = wrapper.application; includeInIndex = 0; path = Hishab.app; sourceTree = BUILT_PRODUCTS_DIR; };
		FF046ADC2B8723F000BA085D /* AppDelegate.swift */ = {isa = PBXFileReference; lastKnownFileType = sourcecode.swift; path = AppDelegate.swift; sourceTree = "<group>"; };
		FF046AE32B8723F000BA085D /* Base */ = {isa = PBXFileReference; lastKnownFileType = file.storyboard; name = Base; path = Base.lproj/Main.storyboard; sourceTree = "<group>"; };
		FF046AE52B8723F100BA085D /* Assets.xcassets */ = {isa = PBXFileReference; lastKnownFileType = folder.assetcatalog; path = Assets.xcassets; sourceTree = "<group>"; };
		FF046AE82B8723F100BA085D /* Base */ = {isa = PBXFileReference; lastKnownFileType = file.storyboard; name = Base; path = Base.lproj/LaunchScreen.storyboard; sourceTree = "<group>"; };
		FF046AEA2B8723F100BA085D /* Info.plist */ = {isa = PBXFileReference; lastKnownFileType = text.plist.xml; path = Info.plist; sourceTree = "<group>"; };
		FF046AF42B87305000BA085D /* HomeVC.swift */ = {isa = PBXFileReference; lastKnownFileType = sourcecode.swift; path = HomeVC.swift; sourceTree = "<group>"; };
		FF1AF1B52B87AE77009E480D /* HomeVC+tableView.swift */ = {isa = PBXFileReference; lastKnownFileType = sourcecode.swift; path = "HomeVC+tableView.swift"; sourceTree = "<group>"; };
		FF74BC9D2B87BCA0000FB67C /* AddTransactionVC.swift */ = {isa = PBXFileReference; lastKnownFileType = sourcecode.swift; path = AddTransactionVC.swift; sourceTree = "<group>"; };
		FF8616642B87B63B00EEAA41 /* TransactionTableViewCell.swift */ = {isa = PBXFileReference; lastKnownFileType = sourcecode.swift; path = TransactionTableViewCell.swift; sourceTree = "<group>"; };
		FF8616652B87B63B00EEAA41 /* TransactionTableViewCell.xib */ = {isa = PBXFileReference; lastKnownFileType = file.xib; path = TransactionTableViewCell.xib; sourceTree = "<group>"; };
/* End PBXFileReference section */

/* Begin PBXFrameworksBuildPhase section */
		FF046AD62B8723F000BA085D /* Frameworks */ = {
			isa = PBXFrameworksBuildPhase;
			buildActionMask = 2147483647;
			files = (
			);
			runOnlyForDeploymentPostprocessing = 0;
		};
/* End PBXFrameworksBuildPhase section */

/* Begin PBXGroup section */
		FF046AD02B8723F000BA085D = {
			isa = PBXGroup;
			children = (
				FF046ADB2B8723F000BA085D /* Hishab */,
				FF046ADA2B8723F000BA085D /* Products */,
			);
			sourceTree = "<group>";
		};
		FF046ADA2B8723F000BA085D /* Products */ = {
			isa = PBXGroup;
			children = (
				FF046AD92B8723F000BA085D /* Hishab.app */,
			);
			name = Products;
			sourceTree = "<group>";
		};
		FF046ADB2B8723F000BA085D /* Hishab */ = {
			isa = PBXGroup;
			children = (
				FF046AF32B87249C00BA085D /* Storyboards */,
				FF046AF22B87246C00BA085D /* Extensions */,
				FF046AF12B87244800BA085D /* Models */,
				FF046AF02B87242200BA085D /* ViewControllers+View */,
				FF046ADC2B8723F000BA085D /* AppDelegate.swift */,
				FF046AE52B8723F100BA085D /* Assets.xcassets */,
				FF046AEA2B8723F100BA085D /* Info.plist */,
			);
			path = Hishab;
			sourceTree = "<group>";
		};
		FF046AF02B87242200BA085D /* ViewControllers+View */ = {
			isa = PBXGroup;
			children = (
				FF1AF1AC2B87A73D009E480D /* Home */,
				FF74BC9D2B87BCA0000FB67C /* AddTransactionVC.swift */,
			);
			path = "ViewControllers+View";
			sourceTree = "<group>";
		};
		FF046AF12B87244800BA085D /* Models */ = {
			isa = PBXGroup;
			children = (
			);
			path = Models;
			sourceTree = "<group>";
		};
		FF046AF22B87246C00BA085D /* Extensions */ = {
			isa = PBXGroup;
			children = (
			);
			path = Extensions;
			sourceTree = "<group>";
		};
		FF046AF32B87249C00BA085D /* Storyboards */ = {
			isa = PBXGroup;
			children = (
				FF046AE22B8723F000BA085D /* Main.storyboard */,
				FF046AE72B8723F100BA085D /* LaunchScreen.storyboard */,
			);
			path = Storyboards;
			sourceTree = "<group>";
		};
		FF1AF1AC2B87A73D009E480D /* Home */ = {
			isa = PBXGroup;
			children = (
				FF046AF42B87305000BA085D /* HomeVC.swift */,
				FF1AF1B52B87AE77009E480D /* HomeVC+tableView.swift */,
				FF8616642B87B63B00EEAA41 /* TransactionTableViewCell.swift */,
				FF8616652B87B63B00EEAA41 /* TransactionTableViewCell.xib */,
			);
			path = Home;
			sourceTree = "<group>";
		};
/* End PBXGroup section */

/* Begin PBXNativeTarget section */
		FF046AD82B8723F000BA085D /* Hishab */ = {
			isa = PBXNativeTarget;
			buildConfigurationList = FF046AED2B8723F100BA085D /* Build configuration list for PBXNativeTarget "Hishab" */;
			buildPhases = (
				FF046AD52B8723F000BA085D /* Sources */,
				FF046AD62B8723F000BA085D /* Frameworks */,
				FF046AD72B8723F000BA085D /* Resources */,
			);
			buildRules = (
			);
			dependencies = (
			);
			name = Hishab;
			productName = Hishab;
			productReference = FF046AD92B8723F000BA085D /* Hishab.app */;
			productType = "com.apple.product-type.application";
		};
/* End PBXNativeTarget section */

/* Begin PBXProject section */
		FF046AD12B8723F000BA085D /* Project object */ = {
			isa = PBXProject;
			attributes = {
				BuildIndependentTargetsInParallel = 1;
				LastSwiftUpdateCheck = 1520;
				LastUpgradeCheck = 1520;
				TargetAttributes = {
					FF046AD82B8723F000BA085D = {
						CreatedOnToolsVersion = 15.2;
					};
				};
			};
			buildConfigurationList = FF046AD42B8723F000BA085D /* Build configuration list for PBXProject "Hishab" */;
			compatibilityVersion = "Xcode 14.0";
			developmentRegion = en;
			hasScannedForEncodings = 0;
			knownRegions = (
				en,
				Base,
			);
			mainGroup = FF046AD02B8723F000BA085D;
			productRefGroup = FF046ADA2B8723F000BA085D /* Products */;
			projectDirPath = "";
			projectRoot = "";
			targets = (
				FF046AD82B8723F000BA085D /* Hishab */,
			);
		};
/* End PBXProject section */

/* Begin PBXResourcesBuildPhase section */
		FF046AD72B8723F000BA085D /* Resources */ = {
			isa = PBXResourcesBuildPhase;
			buildActionMask = 2147483647;
			files = (
				FF8616672B87B63B00EEAA41 /* TransactionTableViewCell.xib in Resources */,
				FF046AE92B8723F100BA085D /* LaunchScreen.storyboard in Resources */,
				FF046AE62B8723F100BA085D /* Assets.xcassets in Resources */,
				FF046AE42B8723F000BA085D /* Main.storyboard in Resources */,
			);
			runOnlyForDeploymentPostprocessing = 0;
		};
/* End PBXResourcesBuildPhase section */

/* Begin PBXSourcesBuildPhase section */
		FF046AD52B8723F000BA085D /* Sources */ = {
			isa = PBXSourcesBuildPhase;
			buildActionMask = 2147483647;
			files = (
				FF74BC9E2B87BCA0000FB67C /* AddTransactionVC.swift in Sources */,
				FF046AF52B87305000BA085D /* HomeVC.swift in Sources */,
				FF8616662B87B63B00EEAA41 /* TransactionTableViewCell.swift in Sources */,
				FF1AF1B62B87AE77009E480D /* HomeVC+tableView.swift in Sources */,
				FF046ADD2B8723F000BA085D /* AppDelegate.swift in Sources */,
			);
			runOnlyForDeploymentPostprocessing = 0;
		};
/* End PBXSourcesBuildPhase section */

/* Begin PBXVariantGroup section */
		FF046AE22B8723F000BA085D /* Main.storyboard */ = {
			isa = PBXVariantGroup;
			children = (
				FF046AE32B8723F000BA085D /* Base */,
			);
			name = Main.storyboard;
			sourceTree = "<group>";
		};
		FF046AE72B8723F100BA085D /* LaunchScreen.storyboard */ = {
			isa = PBXVariantGroup;
			children = (
				FF046AE82B8723F100BA085D /* Base */,
			);
			name = LaunchScreen.storyboard;
			sourceTree = "<group>";
		};
/* End PBXVariantGroup section */

/* Begin XCBuildConfiguration section */
		FF046AEB2B8723F100BA085D /* Debug */ = {
			isa = XCBuildConfiguration;
			buildSettings = {
				ALWAYS_SEARCH_USER_PATHS = NO;
				ASSETCATALOG_COMPILER_GENERATE_SWIFT_ASSET_SYMBOL_EXTENSIONS = YES;
				CLANG_ANALYZER_NONNULL = YES;
				CLANG_ANALYZER_NUMBER_OBJECT_CONVERSION = YES_AGGRESSIVE;
				CLANG_CXX_LANGUAGE_STANDARD = "gnu++20";
				CLANG_ENABLE_MODULES = YES;
				CLANG_ENABLE_OBJC_ARC = YES;
				CLANG_ENABLE_OBJC_WEAK = YES;
				CLANG_WARN_BLOCK_CAPTURE_AUTORELEASING = YES;
				CLANG_WARN_BOOL_CONVERSION = YES;
				CLANG_WARN_COMMA = YES;
				CLANG_WARN_CONSTANT_CONVERSION = YES;
				CLANG_WARN_DEPRECATED_OBJC_IMPLEMENTATIONS = YES;
				CLANG_WARN_DIRECT_OBJC_ISA_USAGE = YES_ERROR;
				CLANG_WARN_DOCUMENTATION_COMMENTS = YES;
				CLANG_WARN_EMPTY_BODY = YES;
				CLANG_WARN_ENUM_CONVERSION = YES;
				CLANG_WARN_INFINITE_RECURSION = YES;
				CLANG_WARN_INT_CONVERSION = YES;
				CLANG_WARN_NON_LITERAL_NULL_CONVERSION = YES;
				CLANG_WARN_OBJC_IMPLICIT_RETAIN_SELF = YES;
				CLANG_WARN_OBJC_LITERAL_CONVERSION = YES;
				CLANG_WARN_OBJC_ROOT_CLASS = YES_ERROR;
				CLANG_WARN_QUOTED_INCLUDE_IN_FRAMEWORK_HEADER = YES;
				CLANG_WARN_RANGE_LOOP_ANALYSIS = YES;
				CLANG_WARN_STRICT_PROTOTYPES = YES;
				CLANG_WARN_SUSPICIOUS_MOVE = YES;
				CLANG_WARN_UNGUARDED_AVAILABILITY = YES_AGGRESSIVE;
				CLANG_WARN_UNREACHABLE_CODE = YES;
				CLANG_WARN__DUPLICATE_METHOD_MATCH = YES;
				COPY_PHASE_STRIP = NO;
				DEBUG_INFORMATION_FORMAT = dwarf;
				ENABLE_STRICT_OBJC_MSGSEND = YES;
				ENABLE_TESTABILITY = YES;
				ENABLE_USER_SCRIPT_SANDBOXING = YES;
				GCC_C_LANGUAGE_STANDARD = gnu17;
				GCC_DYNAMIC_NO_PIC = NO;
				GCC_NO_COMMON_BLOCKS = YES;
				GCC_OPTIMIZATION_LEVEL = 0;
				GCC_PREPROCESSOR_DEFINITIONS = (
					"DEBUG=1",
					"$(inherited)",
				);
				GCC_WARN_64_TO_32_BIT_CONVERSION = YES;
				GCC_WARN_ABOUT_RETURN_TYPE = YES_ERROR;
				GCC_WARN_UNDECLARED_SELECTOR = YES;
				GCC_WARN_UNINITIALIZED_AUTOS = YES_AGGRESSIVE;
				GCC_WARN_UNUSED_FUNCTION = YES;
				GCC_WARN_UNUSED_VARIABLE = YES;
				IPHONEOS_DEPLOYMENT_TARGET = 17.2;
				LOCALIZATION_PREFERS_STRING_CATALOGS = YES;
				MTL_ENABLE_DEBUG_INFO = INCLUDE_SOURCE;
				MTL_FAST_MATH = YES;
				ONLY_ACTIVE_ARCH = YES;
				SDKROOT = iphoneos;
				SWIFT_ACTIVE_COMPILATION_CONDITIONS = "DEBUG $(inherited)";
				SWIFT_OPTIMIZATION_LEVEL = "-Onone";
			};
			name = Debug;
		};
		FF046AEC2B8723F100BA085D /* Release */ = {
			isa = XCBuildConfiguration;
			buildSettings = {
				ALWAYS_SEARCH_USER_PATHS = NO;
				ASSETCATALOG_COMPILER_GENERATE_SWIFT_ASSET_SYMBOL_EXTENSIONS = YES;
				CLANG_ANALYZER_NONNULL = YES;
				CLANG_ANALYZER_NUMBER_OBJECT_CONVERSION = YES_AGGRESSIVE;
				CLANG_CXX_LANGUAGE_STANDARD = "gnu++20";
				CLANG_ENABLE_MODULES = YES;
				CLANG_ENABLE_OBJC_ARC = YES;
				CLANG_ENABLE_OBJC_WEAK = YES;
				CLANG_WARN_BLOCK_CAPTURE_AUTORELEASING = YES;
				CLANG_WARN_BOOL_CONVERSION = YES;
				CLANG_WARN_COMMA = YES;
				CLANG_WARN_CONSTANT_CONVERSION = YES;
				CLANG_WARN_DEPRECATED_OBJC_IMPLEMENTATIONS = YES;
				CLANG_WARN_DIRECT_OBJC_ISA_USAGE = YES_ERROR;
				CLANG_WARN_DOCUMENTATION_COMMENTS = YES;
				CLANG_WARN_EMPTY_BODY = YES;
				CLANG_WARN_ENUM_CONVERSION = YES;
				CLANG_WARN_INFINITE_RECURSION = YES;
				CLANG_WARN_INT_CONVERSION = YES;
				CLANG_WARN_NON_LITERAL_NULL_CONVERSION = YES;
				CLANG_WARN_OBJC_IMPLICIT_RETAIN_SELF = YES;
				CLANG_WARN_OBJC_LITERAL_CONVERSION = YES;
				CLANG_WARN_OBJC_ROOT_CLASS = YES_ERROR;
				CLANG_WARN_QUOTED_INCLUDE_IN_FRAMEWORK_HEADER = YES;
				CLANG_WARN_RANGE_LOOP_ANALYSIS = YES;
				CLANG_WARN_STRICT_PROTOTYPES = YES;
				CLANG_WARN_SUSPICIOUS_MOVE = YES;
				CLANG_WARN_UNGUARDED_AVAILABILITY = YES_AGGRESSIVE;
				CLANG_WARN_UNREACHABLE_CODE = YES;
				CLANG_WARN__DUPLICATE_METHOD_MATCH = YES;
				COPY_PHASE_STRIP = NO;
				DEBUG_INFORMATION_FORMAT = "dwarf-with-dsym";
				ENABLE_NS_ASSERTIONS = NO;
				ENABLE_STRICT_OBJC_MSGSEND = YES;
				ENABLE_USER_SCRIPT_SANDBOXING = YES;
				GCC_C_LANGUAGE_STANDARD = gnu17;
				GCC_NO_COMMON_BLOCKS = YES;
				GCC_WARN_64_TO_32_BIT_CONVERSION = YES;
				GCC_WARN_ABOUT_RETURN_TYPE = YES_ERROR;
				GCC_WARN_UNDECLARED_SELECTOR = YES;
				GCC_WARN_UNINITIALIZED_AUTOS = YES_AGGRESSIVE;
				GCC_WARN_UNUSED_FUNCTION = YES;
				GCC_WARN_UNUSED_VARIABLE = YES;
				IPHONEOS_DEPLOYMENT_TARGET = 17.2;
				LOCALIZATION_PREFERS_STRING_CATALOGS = YES;
				MTL_ENABLE_DEBUG_INFO = NO;
				MTL_FAST_MATH = YES;
				SDKROOT = iphoneos;
				SWIFT_COMPILATION_MODE = wholemodule;
				VALIDATE_PRODUCT = YES;
			};
			name = Release;
		};
		FF046AEE2B8723F100BA085D /* Debug */ = {
			isa = XCBuildConfiguration;
			buildSettings = {
				ASSETCATALOG_COMPILER_APPICON_NAME = AppIcon;
				ASSETCATALOG_COMPILER_GLOBAL_ACCENT_COLOR_NAME = AccentColor;
				CODE_SIGN_STYLE = Automatic;
				CURRENT_PROJECT_VERSION = 1;
				DEVELOPMENT_TEAM = HFX859F777;
				GENERATE_INFOPLIST_FILE = YES;
				INFOPLIST_FILE = Hishab/Info.plist;
				INFOPLIST_KEY_UIApplicationSupportsIndirectInputEvents = YES;
				INFOPLIST_KEY_UILaunchStoryboardName = LaunchScreen;
				INFOPLIST_KEY_UIMainStoryboardFile = Main;
				INFOPLIST_KEY_UISupportedInterfaceOrientations_iPad = "UIInterfaceOrientationPortrait UIInterfaceOrientationPortraitUpsideDown UIInterfaceOrientationLandscapeLeft UIInterfaceOrientationLandscapeRight";
				INFOPLIST_KEY_UISupportedInterfaceOrientations_iPhone = "UIInterfaceOrientationPortrait UIInterfaceOrientationLandscapeLeft UIInterfaceOrientationLandscapeRight";
				IPHONEOS_DEPLOYMENT_TARGET = 16.0;
				LD_RUNPATH_SEARCH_PATHS = (
					"$(inherited)",
					"@executable_path/Frameworks",
				);
				MARKETING_VERSION = 1.0;
				PRODUCT_BUNDLE_IDENTIFIER = com.sajidhasan.Hishab;
				PRODUCT_NAME = "$(TARGET_NAME)";
				SWIFT_EMIT_LOC_STRINGS = YES;
				SWIFT_VERSION = 5.0;
				TARGETED_DEVICE_FAMILY = "1,2";
			};
			name = Debug;
		};
		FF046AEF2B8723F100BA085D /* Release */ = {
			isa = XCBuildConfiguration;
			buildSettings = {
				ASSETCATALOG_COMPILER_APPICON_NAME = AppIcon;
				ASSETCATALOG_COMPILER_GLOBAL_ACCENT_COLOR_NAME = AccentColor;
				CODE_SIGN_STYLE = Automatic;
				CURRENT_PROJECT_VERSION = 1;
				DEVELOPMENT_TEAM = HFX859F777;
				GENERATE_INFOPLIST_FILE = YES;
				INFOPLIST_FILE = Hishab/Info.plist;
				INFOPLIST_KEY_UIApplicationSupportsIndirectInputEvents = YES;
				INFOPLIST_KEY_UILaunchStoryboardName = LaunchScreen;
				INFOPLIST_KEY_UIMainStoryboardFile = Main;
				INFOPLIST_KEY_UISupportedInterfaceOrientations_iPad = "UIInterfaceOrientationPortrait UIInterfaceOrientationPortraitUpsideDown UIInterfaceOrientationLandscapeLeft UIInterfaceOrientationLandscapeRight";
				INFOPLIST_KEY_UISupportedInterfaceOrientations_iPhone = "UIInterfaceOrientationPortrait UIInterfaceOrientationLandscapeLeft UIInterfaceOrientationLandscapeRight";
				IPHONEOS_DEPLOYMENT_TARGET = 16.0;
				LD_RUNPATH_SEARCH_PATHS = (
					"$(inherited)",
					"@executable_path/Frameworks",
				);
				MARKETING_VERSION = 1.0;
				PRODUCT_BUNDLE_IDENTIFIER = com.sajidhasan.Hishab;
				PRODUCT_NAME = "$(TARGET_NAME)";
				SWIFT_EMIT_LOC_STRINGS = YES;
				SWIFT_VERSION = 5.0;
				TARGETED_DEVICE_FAMILY = "1,2";
			};
			name = Release;
		};
/* End XCBuildConfiguration section */

/* Begin XCConfigurationList section */
		FF046AD42B8723F000BA085D /* Build configuration list for PBXProject "Hishab" */ = {
			isa = XCConfigurationList;
			buildConfigurations = (
				FF046AEB2B8723F100BA085D /* Debug */,
				FF046AEC2B8723F100BA085D /* Release */,
			);
			defaultConfigurationIsVisible = 0;
			defaultConfigurationName = Release;
		};
		FF046AED2B8723F100BA085D /* Build configuration list for PBXNativeTarget "Hishab" */ = {
			isa = XCConfigurationList;
			buildConfigurations = (
				FF046AEE2B8723F100BA085D /* Debug */,
				FF046AEF2B8723F100BA085D /* Release */,
			);
			defaultConfigurationIsVisible = 0;
			defaultConfigurationName = Release;
		};
/* End XCConfigurationList section */
	};
	rootObject = FF046AD12B8723F000BA085D /* Project object */;
}
